// !$*UTF8*$!
{
	archiveVersion = 1;
	classes = {
	};
	objectVersion = 77;
	objects = {

/* Begin PBXContainerItemProxy section */
		69D763BF2CDA2B1900AA30EE /* PBXContainerItemProxy */ = {
			isa = PBXContainerItemProxy;
			containerPortal = 69D763A02CDA2B1700AA30EE /* Project object */;
			proxyType = 1;
			remoteGlobalIDString = 69D763A72CDA2B1700AA30EE;
			remoteInfo = "Standar Calculator";
		};
		69D763C92CDA2B1900AA30EE /* PBXContainerItemProxy */ = {
			isa = PBXContainerItemProxy;
			containerPortal = 69D763A02CDA2B1700AA30EE /* Project object */;
			proxyType = 1;
			remoteGlobalIDString = 69D763A72CDA2B1700AA30EE;
			remoteInfo = "Standar Calculator";
		};
/* End PBXContainerItemProxy section */

/* Begin PBXFileReference section */
		69D763A82CDA2B1700AA30EE /* Standar Calculator.app */ = {isa = PBXFileReference; explicitFileType = wrapper.application; includeInIndex = 0; path = "Standar Calculator.app"; sourceTree = BUILT_PRODUCTS_DIR; };
		69D763BE2CDA2B1900AA30EE /* Standar CalculatorTests.xctest */ = {isa = PBXFileReference; explicitFileType = wrapper.cfbundle; includeInIndex = 0; path = "Standar CalculatorTests.xctest"; sourceTree = BUILT_PRODUCTS_DIR; };
		69D763C82CDA2B1900AA30EE /* Standar CalculatorUITests.xctest */ = {isa = PBXFileReference; explicitFileType = wrapper.cfbundle; includeInIndex = 0; path = "Standar CalculatorUITests.xctest"; sourceTree = BUILT_PRODUCTS_DIR; };
/* End PBXFileReference section */

/* Begin PBXFileSystemSynchronizedBuildFileExceptionSet section */
		69D763D02CDA2B1900AA30EE /* Exceptions for "Standar Calculator" folder in "Standar Calculator" target */ = {
			isa = PBXFileSystemSynchronizedBuildFileExceptionSet;
			membershipExceptions = (
				Info.plist,
			);
			target = 69D763A72CDA2B1700AA30EE /* Standar Calculator */;
		};
/* End PBXFileSystemSynchronizedBuildFileExceptionSet section */

/* Begin PBXFileSystemSynchronizedRootGroup section */
		69D763AA2CDA2B1700AA30EE /* Standar Calculator */ = {
			isa = PBXFileSystemSynchronizedRootGroup;
			exceptions = (
				69D763D02CDA2B1900AA30EE /* Exceptions for "Standar Calculator" folder in "Standar Calculator" target */,
			);
			path = "Standar Calculator";
			sourceTree = "<group>";
		};
		69D763C12CDA2B1900AA30EE /* Standar CalculatorTests */ = {
			isa = PBXFileSystemSynchronizedRootGroup;
			path = "Standar CalculatorTests";
			sourceTree = "<group>";
		};
		69D763CB2CDA2B1900AA30EE /* Standar CalculatorUITests */ = {
			isa = PBXFileSystemSynchronizedRootGroup;
			path = "Standar CalculatorUITests";
			sourceTree = "<group>";
		};
/* End PBXFileSystemSynchronizedRootGroup section */

/* Begin PBXFrameworksBuildPhase section */
		69D763A52CDA2B1700AA30EE /* Frameworks */ = {
			isa = PBXFrameworksBuildPhase;
			buildActionMask = 2147483647;
			files = (
			);
			runOnlyForDeploymentPostprocessing = 0;
		};
		69D763BB2CDA2B1900AA30EE /* Frameworks */ = {
			isa = PBXFrameworksBuildPhase;
			buildActionMask = 2147483647;
			files = (
			);
			runOnlyForDeploymentPostprocessing = 0;
		};
		69D763C52CDA2B1900AA30EE /* Frameworks */ = {
			isa = PBXFrameworksBuildPhase;
			buildActionMask = 2147483647;
			files = (
			);
			runOnlyForDeploymentPostprocessing = 0;
		};
/* End PBXFrameworksBuildPhase section */

/* Begin PBXGroup section */
		69D7639F2CDA2B1700AA30EE = {
			isa = PBXGroup;
			children = (
				69D763AA2CDA2B1700AA30EE /* Standar Calculator */,
				69D763C12CDA2B1900AA30EE /* Standar CalculatorTests */,
				69D763CB2CDA2B1900AA30EE /* Standar CalculatorUITests */,
				69D763A92CDA2B1700AA30EE /* Products */,
			);
			sourceTree = "<group>";
		};
		69D763A92CDA2B1700AA30EE /* Products */ = {
			isa = PBXGroup;
			children = (
				69D763A82CDA2B1700AA30EE /* Standar Calculator.app */,
				69D763BE2CDA2B1900AA30EE /* Standar CalculatorTests.xctest */,
				69D763C82CDA2B1900AA30EE /* Standar CalculatorUITests.xctest */,
			);
			name = Products;
			sourceTree = "<group>";
		};
/* End PBXGroup section */

/* Begin PBXNativeTarget section */
		69D763A72CDA2B1700AA30EE /* Standar Calculator */ = {
			isa = PBXNativeTarget;
			buildConfigurationList = 69D763D12CDA2B1900AA30EE /* Build configuration list for PBXNativeTarget "Standar Calculator" */;
			buildPhases = (
				69D763A42CDA2B1700AA30EE /* Sources */,
				69D763A52CDA2B1700AA30EE /* Frameworks */,
				69D763A62CDA2B1700AA30EE /* Resources */,
			);
			buildRules = (
			);
			dependencies = (
			);
			fileSystemSynchronizedGroups = (
				69D763AA2CDA2B1700AA30EE /* Standar Calculator */,
			);
			name = "Standar Calculator";
			packageProductDependencies = (
			);
			productName = "Standar Calculator";
			productReference = 69D763A82CDA2B1700AA30EE /* Standar Calculator.app */;
			productType = "com.apple.product-type.application";
		};
		69D763BD2CDA2B1900AA30EE /* Standar CalculatorTests */ = {
			isa = PBXNativeTarget;
			buildConfigurationList = 69D763D62CDA2B1900AA30EE /* Build configuration list for PBXNativeTarget "Standar CalculatorTests" */;
			buildPhases = (
				69D763BA2CDA2B1900AA30EE /* Sources */,
				69D763BB2CDA2B1900AA30EE /* Frameworks */,
				69D763BC2CDA2B1900AA30EE /* Resources */,
			);
			buildRules = (
			);
			dependencies = (
				69D763C02CDA2B1900AA30EE /* PBXTargetDependency */,
			);
			fileSystemSynchronizedGroups = (
				69D763C12CDA2B1900AA30EE /* Standar CalculatorTests */,
			);
			name = "Standar CalculatorTests";
			packageProductDependencies = (
			);
			productName = "Standar CalculatorTests";
			productReference = 69D763BE2CDA2B1900AA30EE /* Standar CalculatorTests.xctest */;
			productType = "com.apple.product-type.bundle.unit-test";
		};
		69D763C72CDA2B1900AA30EE /* Standar CalculatorUITests */ = {
			isa = PBXNativeTarget;
			buildConfigurationList = 69D763D92CDA2B1900AA30EE /* Build configuration list for PBXNativeTarget "Standar CalculatorUITests" */;
			buildPhases = (
				69D763C42CDA2B1900AA30EE /* Sources */,
				69D763C52CDA2B1900AA30EE /* Frameworks */,
				69D763C62CDA2B1900AA30EE /* Resources */,
			);
			buildRules = (
			);
			dependencies = (
				69D763CA2CDA2B1900AA30EE /* PBXTargetDependency */,
			);
			fileSystemSynchronizedGroups = (
				69D763CB2CDA2B1900AA30EE /* Standar CalculatorUITests */,
			);
			name = "Standar CalculatorUITests";
			packageProductDependencies = (
			);
			productName = "Standar CalculatorUITests";
			productReference = 69D763C82CDA2B1900AA30EE /* Standar CalculatorUITests.xctest */;
			productType = "com.apple.product-type.bundle.ui-testing";
		};
/* End PBXNativeTarget section */

/* Begin PBXProject section */
		69D763A02CDA2B1700AA30EE /* Project object */ = {
			isa = PBXProject;
			attributes = {
				BuildIndependentTargetsInParallel = 1;
				LastSwiftUpdateCheck = 1600;
				LastUpgradeCheck = 1600;
				TargetAttributes = {
					69D763A72CDA2B1700AA30EE = {
						CreatedOnToolsVersion = 16.0;
					};
					69D763BD2CDA2B1900AA30EE = {
						CreatedOnToolsVersion = 16.0;
						TestTargetID = 69D763A72CDA2B1700AA30EE;
					};
					69D763C72CDA2B1900AA30EE = {
						CreatedOnToolsVersion = 16.0;
						TestTargetID = 69D763A72CDA2B1700AA30EE;
					};
				};
			};
			buildConfigurationList = 69D763A32CDA2B1700AA30EE /* Build configuration list for PBXProject "Standar Calculator" */;
			developmentRegion = en;
			hasScannedForEncodings = 0;
			knownRegions = (
				en,
				Base,
			);
			mainGroup = 69D7639F2CDA2B1700AA30EE;
			minimizedProjectReferenceProxies = 1;
			preferredProjectObjectVersion = 77;
			productRefGroup = 69D763A92CDA2B1700AA30EE /* Products */;
			projectDirPath = "";
			projectRoot = "";
			targets = (
				69D763A72CDA2B1700AA30EE /* Standar Calculator */,
				69D763BD2CDA2B1900AA30EE /* Standar CalculatorTests */,
				69D763C72CDA2B1900AA30EE /* Standar CalculatorUITests */,
			);
		};
/* End PBXProject section */

/* Begin PBXResourcesBuildPhase section */
		69D763A62CDA2B1700AA30EE /* Resources */ = {
			isa = PBXResourcesBuildPhase;
			buildActionMask = 2147483647;
			files = (
			);
			runOnlyForDeploymentPostprocessing = 0;
		};
		69D763BC2CDA2B1900AA30EE /* Resources */ = {
			isa = PBXResourcesBuildPhase;
			buildActionMask = 2147483647;
			files = (
			);
			runOnlyForDeploymentPostprocessing = 0;
		};
		69D763C62CDA2B1900AA30EE /* Resources */ = {
			isa = PBXResourcesBuildPhase;
			buildActionMask = 2147483647;
			files = (
			);
			runOnlyForDeploymentPostprocessing = 0;
		};
/* End PBXResourcesBuildPhase section */

/* Begin PBXSourcesBuildPhase section */
		69D763A42CDA2B1700AA30EE /* Sources */ = {
			isa = PBXSourcesBuildPhase;
			buildActionMask = 2147483647;
			files = (
			);
			runOnlyForDeploymentPostprocessing = 0;
		};
		69D763BA2CDA2B1900AA30EE /* Sources */ = {
			isa = PBXSourcesBuildPhase;
			buildActionMask = 2147483647;
			files = (
			);
			runOnlyForDeploymentPostprocessing = 0;
		};
		69D763C42CDA2B1900AA30EE /* Sources */ = {
			isa = PBXSourcesBuildPhase;
			buildActionMask = 2147483647;
			files = (
			);
			runOnlyForDeploymentPostprocessing = 0;
		};
/* End PBXSourcesBuildPhase section */

/* Begin PBXTargetDependency section */
		69D763C02CDA2B1900AA30EE /* PBXTargetDependency */ = {
			isa = PBXTargetDependency;
			target = 69D763A72CDA2B1700AA30EE /* Standar Calculator */;
			targetProxy = 69D763BF2CDA2B1900AA30EE /* PBXContainerItemProxy */;
		};
		69D763CA2CDA2B1900AA30EE /* PBXTargetDependency */ = {
			isa = PBXTargetDependency;
			target = 69D763A72CDA2B1700AA30EE /* Standar Calculator */;
			targetProxy = 69D763C92CDA2B1900AA30EE /* PBXContainerItemProxy */;
		};
/* End PBXTargetDependency section */

/* Begin XCBuildConfiguration section */
		69D763D22CDA2B1900AA30EE /* Debug */ = {
			isa = XCBuildConfiguration;
			buildSettings = {
				ASSETCATALOG_COMPILER_APPICON_NAME = AppIcon;
				ASSETCATALOG_COMPILER_GLOBAL_ACCENT_COLOR_NAME = AccentColor;
				CODE_SIGN_STYLE = Automatic;
				CURRENT_PROJECT_VERSION = 1;
				GENERATE_INFOPLIST_FILE = YES;
				INFOPLIST_FILE = "Standar Calculator/Info.plist";
				INFOPLIST_KEY_UIApplicationSupportsIndirectInputEvents = YES;
				INFOPLIST_KEY_UILaunchStoryboardName = LaunchScreen;
				INFOPLIST_KEY_UIMainStoryboardFile = Main;
				INFOPLIST_KEY_UISupportedInterfaceOrientations_iPad = "UIInterfaceOrientationPortrait UIInterfaceOrientationPortraitUpsideDown UIInterfaceOrientationLandscapeLeft UIInterfaceOrientationLandscapeRight";
				INFOPLIST_KEY_UISupportedInterfaceOrientations_iPhone = "UIInterfaceOrientationPortrait UIInterfaceOrientationLandscapeLeft UIInterfaceOrientationLandscapeRight";
				LD_RUNPATH_SEARCH_PATHS = (
					"$(inherited)",
					"@executable_path/Frameworks",
				);
				MARKETING_VERSION = 1.0;
				PRODUCT_BUNDLE_IDENTIFIER = "pracaties.Standar-Calculator";
				PRODUCT_NAME = "$(TARGET_NAME)";
				SWIFT_EMIT_LOC_STRINGS = YES;
				SWIFT_VERSION = 5.0;
				TARGETED_DEVICE_FAMILY = "1,2";
			};
			name = Debug;
		};
		69D763D32CDA2B1900AA30EE /* Release */ = {
			isa = XCBuildConfiguration;
			buildSettings = {
				ASSETCATALOG_COMPILER_APPICON_NAME = AppIcon;
				ASSETCATALOG_COMPILER_GLOBAL_ACCENT_COLOR_NAME = AccentColor;
				CODE_SIGN_STYLE = Automatic;
				CURRENT_PROJECT_VERSION = 1;
				GENERATE_INFOPLIST_FILE = YES;
				INFOPLIST_FILE = "Standar Calculator/Info.plist";
				INFOPLIST_KEY_UIApplicationSupportsIndirectInputEvents = YES;
				INFOPLIST_KEY_UILaunchStoryboardName = LaunchScreen;
				INFOPLIST_KEY_UIMainStoryboardFile = Main;
				INFOPLIST_KEY_UISupportedInterfaceOrientations_iPad = "UIInterfaceOrientationPortrait UIInterfaceOrientationPortraitUpsideDown UIInterfaceOrientationLandscapeLeft UIInterfaceOrientationLandscapeRight";
				INFOPLIST_KEY_UISupportedInterfaceOrientations_iPhone = "UIInterfaceOrientationPortrait UIInterfaceOrientationLandscapeLeft UIInterfaceOrientationLandscapeRight";
				LD_RUNPATH_SEARCH_PATHS = (
					"$(inherited)",
					"@executable_path/Frameworks",
				);
				MARKETING_VERSION = 1.0;
				PRODUCT_BUNDLE_IDENTIFIER = "pracaties.Standar-Calculator";
				PRODUCT_NAME = "$(TARGET_NAME)";
				SWIFT_EMIT_LOC_STRINGS = YES;
				SWIFT_VERSION = 5.0;
				TARGETED_DEVICE_FAMILY = "1,2";
			};
			name = Release;
		};
		69D763D42CDA2B1900AA30EE /* Debug */ = {
			isa = XCBuildConfiguration;
			buildSettings = {
				ALWAYS_SEARCH_USER_PATHS = NO;
				ASSETCATALOG_COMPILER_GENERATE_SWIFT_ASSET_SYMBOL_EXTENSIONS = YES;
				CLANG_ANALYZER_NONNULL = YES;
				CLANG_ANALYZER_NUMBER_OBJECT_CONVERSION = YES_AGGRESSIVE;
				CLANG_CXX_LANGUAGE_STANDARD = "gnu++20";
				CLANG_ENABLE_MODULES = YES;
				CLANG_ENABLE_OBJC_ARC = YES;
				CLANG_ENABLE_OBJC_WEAK = YES;
				CLANG_WARN_BLOCK_CAPTURE_AUTORELEASING = YES;
				CLANG_WARN_BOOL_CONVERSION = YES;
				CLANG_WARN_COMMA = YES;
				CLANG_WARN_CONSTANT_CONVERSION = YES;
				CLANG_WARN_DEPRECATED_OBJC_IMPLEMENTATIONS = YES;
				CLANG_WARN_DIRECT_OBJC_ISA_USAGE = YES_ERROR;
				CLANG_WARN_DOCUMENTATION_COMMENTS = YES;
				CLANG_WARN_EMPTY_BODY = YES;
				CLANG_WARN_ENUM_CONVERSION = YES;
				CLANG_WARN_INFINITE_RECURSION = YES;
				CLANG_WARN_INT_CONVERSION = YES;
				CLANG_WARN_NON_LITERAL_NULL_CONVERSION = YES;
				CLANG_WARN_OBJC_IMPLICIT_RETAIN_SELF = YES;
				CLANG_WARN_OBJC_LITERAL_CONVERSION = YES;
				CLANG_WARN_OBJC_ROOT_CLASS = YES_ERROR;
				CLANG_WARN_QUOTED_INCLUDE_IN_FRAMEWORK_HEADER = YES;
				CLANG_WARN_RANGE_LOOP_ANALYSIS = YES;
				CLANG_WARN_STRICT_PROTOTYPES = YES;
				CLANG_WARN_SUSPICIOUS_MOVE = YES;
				CLANG_WARN_UNGUARDED_AVAILABILITY = YES_AGGRESSIVE;
				CLANG_WARN_UNREACHABLE_CODE = YES;
				CLANG_WARN__DUPLICATE_METHOD_MATCH = YES;
				COPY_PHASE_STRIP = NO;
				DEBUG_INFORMATION_FORMAT = dwarf;
				ENABLE_STRICT_OBJC_MSGSEND = YES;
				ENABLE_TESTABILITY = YES;
				ENABLE_USER_SCRIPT_SANDBOXING = YES;
				GCC_C_LANGUAGE_STANDARD = gnu17;
				GCC_DYNAMIC_NO_PIC = NO;
				GCC_NO_COMMON_BLOCKS = YES;
				GCC_OPTIMIZATION_LEVEL = 0;
				GCC_PREPROCESSOR_DEFINITIONS = (
					"DEBUG=1",
					"$(inherited)",
				);
				GCC_WARN_64_TO_32_BIT_CONVERSION = YES;
				GCC_WARN_ABOUT_RETURN_TYPE = YES_ERROR;
				GCC_WARN_UNDECLARED_SELECTOR = YES;
				GCC_WARN_UNINITIALIZED_AUTOS = YES_AGGRESSIVE;
				GCC_WARN_UNUSED_FUNCTION = YES;
				GCC_WARN_UNUSED_VARIABLE = YES;
				IPHONEOS_DEPLOYMENT_TARGET = 18.0;
				LOCALIZATION_PREFERS_STRING_CATALOGS = YES;
				MTL_ENABLE_DEBUG_INFO = INCLUDE_SOURCE;
				MTL_FAST_MATH = YES;
				ONLY_ACTIVE_ARCH = YES;
				SDKROOT = iphoneos;
				SWIFT_ACTIVE_COMPILATION_CONDITIONS = "DEBUG $(inherited)";
				SWIFT_OPTIMIZATION_LEVEL = "-Onone";
			};
			name = Debug;
		};
		69D763D52CDA2B1900AA30EE /* Release */ = {
			isa = XCBuildConfiguration;
			buildSettings = {
				ALWAYS_SEARCH_USER_PATHS = NO;
				ASSETCATALOG_COMPILER_GENERATE_SWIFT_ASSET_SYMBOL_EXTENSIONS = YES;
				CLANG_ANALYZER_NONNULL = YES;
				CLANG_ANALYZER_NUMBER_OBJECT_CONVERSION = YES_AGGRESSIVE;
				CLANG_CXX_LANGUAGE_STANDARD = "gnu++20";
				CLANG_ENABLE_MODULES = YES;
				CLANG_ENABLE_OBJC_ARC = YES;
				CLANG_ENABLE_OBJC_WEAK = YES;
				CLANG_WARN_BLOCK_CAPTURE_AUTORELEASING = YES;
				CLANG_WARN_BOOL_CONVERSION = YES;
				CLANG_WARN_COMMA = YES;
				CLANG_WARN_CONSTANT_CONVERSION = YES;
				CLANG_WARN_DEPRECATED_OBJC_IMPLEMENTATIONS = YES;
				CLANG_WARN_DIRECT_OBJC_ISA_USAGE = YES_ERROR;
				CLANG_WARN_DOCUMENTATION_COMMENTS = YES;
				CLANG_WARN_EMPTY_BODY = YES;
				CLANG_WARN_ENUM_CONVERSION = YES;
				CLANG_WARN_INFINITE_RECURSION = YES;
				CLANG_WARN_INT_CONVERSION = YES;
				CLANG_WARN_NON_LITERAL_NULL_CONVERSION = YES;
				CLANG_WARN_OBJC_IMPLICIT_RETAIN_SELF = YES;
				CLANG_WARN_OBJC_LITERAL_CONVERSION = YES;
				CLANG_WARN_OBJC_ROOT_CLASS = YES_ERROR;
				CLANG_WARN_QUOTED_INCLUDE_IN_FRAMEWORK_HEADER = YES;
				CLANG_WARN_RANGE_LOOP_ANALYSIS = YES;
				CLANG_WARN_STRICT_PROTOTYPES = YES;
				CLANG_WARN_SUSPICIOUS_MOVE = YES;
				CLANG_WARN_UNGUARDED_AVAILABILITY = YES_AGGRESSIVE;
				CLANG_WARN_UNREACHABLE_CODE = YES;
				CLANG_WARN__DUPLICATE_METHOD_MATCH = YES;
				COPY_PHASE_STRIP = NO;
				DEBUG_INFORMATION_FORMAT = "dwarf-with-dsym";
				ENABLE_NS_ASSERTIONS = NO;
				ENABLE_STRICT_OBJC_MSGSEND = YES;
				ENABLE_USER_SCRIPT_SANDBOXING = YES;
				GCC_C_LANGUAGE_STANDARD = gnu17;
				GCC_NO_COMMON_BLOCKS = YES;
				GCC_WARN_64_TO_32_BIT_CONVERSION = YES;
				GCC_WARN_ABOUT_RETURN_TYPE = YES_ERROR;
				GCC_WARN_UNDECLARED_SELECTOR = YES;
				GCC_WARN_UNINITIALIZED_AUTOS = YES_AGGRESSIVE;
				GCC_WARN_UNUSED_FUNCTION = YES;
				GCC_WARN_UNUSED_VARIABLE = YES;
				IPHONEOS_DEPLOYMENT_TARGET = 18.0;
				LOCALIZATION_PREFERS_STRING_CATALOGS = YES;
				MTL_ENABLE_DEBUG_INFO = NO;
				MTL_FAST_MATH = YES;
				SDKROOT = iphoneos;
				SWIFT_COMPILATION_MODE = wholemodule;
				VALIDATE_PRODUCT = YES;
			};
			name = Release;
		};
		69D763D72CDA2B1900AA30EE /* Debug */ = {
			isa = XCBuildConfiguration;
			buildSettings = {
				BUNDLE_LOADER = "$(TEST_HOST)";
				CODE_SIGN_STYLE = Automatic;
				CURRENT_PROJECT_VERSION = 1;
				GENERATE_INFOPLIST_FILE = YES;
				IPHONEOS_DEPLOYMENT_TARGET = 18.0;
				MARKETING_VERSION = 1.0;
				PRODUCT_BUNDLE_IDENTIFIER = "pracaties.Standar-CalculatorTests";
				PRODUCT_NAME = "$(TARGET_NAME)";
				SWIFT_EMIT_LOC_STRINGS = NO;
				SWIFT_VERSION = 5.0;
				TARGETED_DEVICE_FAMILY = "1,2";
				TEST_HOST = "$(BUILT_PRODUCTS_DIR)/Standar Calculator.app/$(BUNDLE_EXECUTABLE_FOLDER_PATH)/Standar Calculator";
			};
			name = Debug;
		};
		69D763D82CDA2B1900AA30EE /* Release */ = {
			isa = XCBuildConfiguration;
			buildSettings = {
				BUNDLE_LOADER = "$(TEST_HOST)";
				CODE_SIGN_STYLE = Automatic;
				CURRENT_PROJECT_VERSION = 1;
				GENERATE_INFOPLIST_FILE = YES;
				IPHONEOS_DEPLOYMENT_TARGET = 18.0;
				MARKETING_VERSION = 1.0;
				PRODUCT_BUNDLE_IDENTIFIER = "pracaties.Standar-CalculatorTests";
				PRODUCT_NAME = "$(TARGET_NAME)";
				SWIFT_EMIT_LOC_STRINGS = NO;
				SWIFT_VERSION = 5.0;
				TARGETED_DEVICE_FAMILY = "1,2";
				TEST_HOST = "$(BUILT_PRODUCTS_DIR)/Standar Calculator.app/$(BUNDLE_EXECUTABLE_FOLDER_PATH)/Standar Calculator";
			};
			name = Release;
		};
		69D763DA2CDA2B1900AA30EE /* Debug */ = {
			isa = XCBuildConfiguration;
			buildSettings = {
				CODE_SIGN_STYLE = Automatic;
				CURRENT_PROJECT_VERSION = 1;
				GENERATE_INFOPLIST_FILE = YES;
				MARKETING_VERSION = 1.0;
				PRODUCT_BUNDLE_IDENTIFIER = "pracaties.Standar-CalculatorUITests";
				PRODUCT_NAME = "$(TARGET_NAME)";
				SWIFT_EMIT_LOC_STRINGS = NO;
				SWIFT_VERSION = 5.0;
				TARGETED_DEVICE_FAMILY = "1,2";
				TEST_TARGET_NAME = "Standar Calculator";
			};
			name = Debug;
		};
		69D763DB2CDA2B1900AA30EE /* Release */ = {
			isa = XCBuildConfiguration;
			buildSettings = {
				CODE_SIGN_STYLE = Automatic;
				CURRENT_PROJECT_VERSION = 1;
				GENERATE_INFOPLIST_FILE = YES;
				MARKETING_VERSION = 1.0;
				PRODUCT_BUNDLE_IDENTIFIER = "pracaties.Standar-CalculatorUITests";
				PRODUCT_NAME = "$(TARGET_NAME)";
				SWIFT_EMIT_LOC_STRINGS = NO;
				SWIFT_VERSION = 5.0;
				TARGETED_DEVICE_FAMILY = "1,2";
				TEST_TARGET_NAME = "Standar Calculator";
			};
			name = Release;
		};
/* End XCBuildConfiguration section */

/* Begin XCConfigurationList section */
		69D763A32CDA2B1700AA30EE /* Build configuration list for PBXProject "Standar Calculator" */ = {
			isa = XCConfigurationList;
			buildConfigurations = (
				69D763D42CDA2B1900AA30EE /* Debug */,
				69D763D52CDA2B1900AA30EE /* Release */,
			);
			defaultConfigurationIsVisible = 0;
			defaultConfigurationName = Release;
		};
		69D763D12CDA2B1900AA30EE /* Build configuration list for PBXNativeTarget "Standar Calculator" */ = {
			isa = XCConfigurationList;
			buildConfigurations = (
				69D763D22CDA2B1900AA30EE /* Debug */,
				69D763D32CDA2B1900AA30EE /* Release */,
			);
			defaultConfigurationIsVisible = 0;
			defaultConfigurationName = Release;
		};
		69D763D62CDA2B1900AA30EE /* Build configuration list for PBXNativeTarget "Standar CalculatorTests" */ = {
			isa = XCConfigurationList;
			buildConfigurations = (
				69D763D72CDA2B1900AA30EE /* Debug */,
				69D763D82CDA2B1900AA30EE /* Release */,
			);
			defaultConfigurationIsVisible = 0;
			defaultConfigurationName = Release;
		};
		69D763D92CDA2B1900AA30EE /* Build configuration list for PBXNativeTarget "Standar CalculatorUITests" */ = {
			isa = XCConfigurationList;
			buildConfigurations = (
				69D763DA2CDA2B1900AA30EE /* Debug */,
				69D763DB2CDA2B1900AA30EE /* Release */,
			);
			defaultConfigurationIsVisible = 0;
			defaultConfigurationName = Release;
		};
/* End XCConfigurationList section */
	};
	rootObject = 69D763A02CDA2B1700AA30EE /* Project object */;
}
